
Microsoft Visual Studio Solution File, Format Version 12.00
# Visual Studio Version 16
VisualStudioVersion = 16.0.31321.278
MinimumVisualStudioVersion = 10.0.40219.1
Project("{FAE04EC0-301F-11D3-BF4B-00C04F79EFBC}") = "DemoApp", "DemoApp\DemoApp.csproj", "{35CA39F7-A958-4005-9AE8-1AC67324B74D}"
EndProject
Project("{FAE04EC0-301F-11D3-BF4B-00C04F79EFBC}") = "Net5WinLib", "Net5WinLib\Net5WinLib.csproj", "{7A9FDD46-BC45-41F9-9627-CCE15592CD4F}"
EndProject
Project("{FAE04EC0-301F-11D3-BF4B-00C04F79EFBC}") = "Net5-windows10Lib", "Net5-windows10Lib\Net5-windows10Lib.csproj", "{AF4FAB0C-123E-476B-8ACC-637CF51E94E8}"
EndProject
Project("{FAE04EC0-301F-11D3-BF4B-00C04F79EFBC}") = "Net5WinLib.Tests", "Net5WinLib.Tests\Net5WinLib.Tests.csproj", "{62821882-FC60-4499-8E6B-503E01EF22E1}"
EndProject
Project("{FAE04EC0-301F-11D3-BF4B-00C04F79EFBC}") = "Net5-windows10Lib.Tests", "Net5-windows10Lib.Tests\Net5-windows10Lib.Tests.csproj", "{AB9EA3BB-9645-49E6-AB92-31FF79F85473}"
EndProject
Global
	GlobalSection(SolutionConfigurationPlatforms) = preSolution
		Debug|Any CPU = Debug|Any CPU
		Release|Any CPU = Release|Any CPU
	EndGlobalSection
	GlobalSection(ProjectConfigurationPlatforms) = postSolution
		{35CA39F7-A958-4005-9AE8-1AC67324B74D}.Debug|Any CPU.ActiveCfg = Debug|Any CPU
		{35CA39F7-A958-4005-9AE8-1AC67324B74D}.Debug|Any CPU.Build.0 = Debug|Any CPU
		{35CA39F7-A958-4005-9AE8-1AC67324B74D}.Release|Any CPU.ActiveCfg = Release|Any CPU
		{35CA39F7-A958-4005-9AE8-1AC67324B74D}.Release|Any CPU.Build.0 = Release|Any CPU
		{7A9FDD46-BC45-41F9-9627-CCE15592CD4F}.Debug|Any CPU.ActiveCfg = Debug|Any CPU
		{7A9FDD46-BC45-41F9-9627-CCE15592CD4F}.Debug|Any CPU.Build.0 = Debug|Any CPU
		{7A9FDD46-BC45-41F9-9627-CCE15592CD4F}.Release|Any CPU.ActiveCfg = Release|Any CPU
		{7A9FDD46-BC45-41F9-9627-CCE15592CD4F}.Release|Any CPU.Build.0 = Release|Any CPU
		{AF4FAB0C-123E-476B-8ACC-637CF51E94E8}.Debug|Any CPU.ActiveCfg = Debug|Any CPU
		{AF4FAB0C-123E-476B-8ACC-637CF51E94E8}.Debug|Any CPU.Build.0 = Debug|Any CPU
		{AF4FAB0C-123E-476B-8ACC-637CF51E94E8}.Release|Any CPU.ActiveCfg = Release|Any CPU
		{AF4FAB0C-123E-476B-8ACC-637CF51E94E8}.Release|Any CPU.Build.0 = Release|Any CPU
		{62821882-FC60-4499-8E6B-503E01EF22E1}.Debug|Any CPU.ActiveCfg = Debug|Any CPU
		{62821882-FC60-4499-8E6B-503E01EF22E1}.Debug|Any CPU.Build.0 = Debug|Any CPU
		{62821882-FC60-4499-8E6B-503E01EF22E1}.Release|Any CPU.ActiveCfg = Release|Any CPU
		{62821882-FC60-4499-8E6B-503E01EF22E1}.Release|Any CPU.Build.0 = Release|Any CPU
		{AB9EA3BB-9645-49E6-AB92-31FF79F85473}.Debug|Any CPU.ActiveCfg = Debug|Any CPU
		{AB9EA3BB-9645-49E6-AB92-31FF79F85473}.Debug|Any CPU.Build.0 = Debug|Any CPU
		{AB9EA3BB-9645-49E6-AB92-31FF79F85473}.Release|Any CPU.ActiveCfg = Release|Any CPU
		{AB9EA3BB-9645-49E6-AB92-31FF79F85473}.Release|Any CPU.Build.0 = Release|Any CPU
	EndGlobalSection
	GlobalSection(SolutionProperties) = preSolution
		HideSolutionNode = FALSE
	EndGlobalSection
	GlobalSection(ExtensibilityGlobals) = postSolution
		SolutionGuid = {B28E9C03-9CEB-45EC-A8F8-4FD3576A9C61}
	EndGlobalSection
EndGlobal
